
Microsoft Visual Studio Solution File, Format Version 12.00
# Visual Studio 14
VisualStudioVersion = 14.0.25420.1
MinimumVisualStudioVersion = 10.0.40219.1
Project("{8BC9CEB8-8B4A-11D0-8D11-00A0C91BC942}") = "DeskDrop", "DeskDrop\DeskDrop.vcxproj", "{E4D726FD-0628-4593-AE61-687A2DD14DB7}"
EndProject
Project("{8BC9CEB8-8B4A-11D0-8D11-00A0C91BC942}") = "DeskDropLauncher", "DeskDropLauncher\DeskDropLauncher.vcxproj", "{28010B5A-F3B5-4829-AE77-242F8FE75FEB}"
EndProject
Project("{2150E333-8FDC-42A3-9474-1A3956D46DE8}") = "Solution Items", "Solution Items", "{66539394-DD96-48C6-AF60-726D82D43605}"
	ProjectSection(SolutionItems) = preProject
		readme.md = readme.md
	EndProjectSection
EndProject
Global
	GlobalSection(SolutionConfigurationPlatforms) = preSolution
		Debug|x64 = Debug|x64
		Debug|x86 = Debug|x86
		Release|x64 = Release|x64
		Release|x86 = Release|x86
	EndGlobalSection
	GlobalSection(ProjectConfigurationPlatforms) = postSolution
		{E4D726FD-0628-4593-AE61-687A2DD14DB7}.Debug|x64.ActiveCfg = Debug|x64
		{E4D726FD-0628-4593-AE61-687A2DD14DB7}.Debug|x64.Build.0 = Debug|x64
		{E4D726FD-0628-4593-AE61-687A2DD14DB7}.Debug|x86.ActiveCfg = Debug|Win32
		{E4D726FD-0628-4593-AE61-687A2DD14DB7}.Debug|x86.Build.0 = Debug|Win32
		{E4D726FD-0628-4593-AE61-687A2DD14DB7}.Release|x64.ActiveCfg = Release|x64
		{E4D726FD-0628-4593-AE61-687A2DD14DB7}.Release|x64.Build.0 = Release|x64
		{E4D726FD-0628-4593-AE61-687A2DD14DB7}.Release|x86.ActiveCfg = Release|Win32
		{E4D726FD-0628-4593-AE61-687A2DD14DB7}.Release|x86.Build.0 = Release|Win32
		{28010B5A-F3B5-4829-AE77-242F8FE75FEB}.Debug|x64.ActiveCfg = Debug|x64
		{28010B5A-F3B5-4829-AE77-242F8FE75FEB}.Debug|x64.Build.0 = Debug|x64
		{28010B5A-F3B5-4829-AE77-242F8FE75FEB}.Debug|x86.ActiveCfg = Debug|Win32
		{28010B5A-F3B5-4829-AE77-242F8FE75FEB}.Debug|x86.Build.0 = Debug|Win32
		{28010B5A-F3B5-4829-AE77-242F8FE75FEB}.Release|x64.ActiveCfg = Release|x64
		{28010B5A-F3B5-4829-AE77-242F8FE75FEB}.Release|x64.Build.0 = Release|x64
		{28010B5A-F3B5-4829-AE77-242F8FE75FEB}.Release|x86.ActiveCfg = Release|Win32
		{28010B5A-F3B5-4829-AE77-242F8FE75FEB}.Release|x86.Build.0 = Release|Win32
	EndGlobalSection
	GlobalSection(SolutionProperties) = preSolution
		HideSolutionNode = FALSE
	EndGlobalSection
EndGlobal
